// !$*UTF8*$!
{
	archiveVersion = 1;
	classes = {
	};
	objectVersion = 77;
	objects = {

/* Begin PBXBuildFile section */
		43C08B423B0D672A3ADA3EEF /* Pods_TaskExplorerKnCTests.framework in Frameworks */ = {isa = PBXBuildFile; fileRef = B3DCA420035F96E927C08208 /* Pods_TaskExplorerKnCTests.framework */; };
		6445C28BC320F68C2FF722E4 /* Pods_TaskExplorerKnC_TaskExplorerKnCUITests.framework in Frameworks */ = {isa = PBXBuildFile; fileRef = B7F1112AB03FCC00DAF7D202 /* Pods_TaskExplorerKnC_TaskExplorerKnCUITests.framework */; };
		BE91EB9542B5DBDD6105734E /* Pods_TaskExplorerKnC.framework in Frameworks */ = {isa = PBXBuildFile; fileRef = F99009488EDEEC0757032608 /* Pods_TaskExplorerKnC.framework */; };
/* End PBXBuildFile section */

/* Begin PBXContainerItemProxy section */
		1AB0C8A62F74E08D00B2B992 /* PBXContainerItemProxy */ = {
			isa = PBXContainerItemProxy;
			containerPortal = 1AB0C8872F74E08A00B2B992 /* Project object */;
			proxyType = 1;
			remoteGlobalIDString = 1AB0C88E2F74E08A00B2B992;
			remoteInfo = TaskExplorerKnC;
		};
		1AB0C8B02F74E08D00B2B992 /* PBXContainerItemProxy */ = {
			isa = PBXContainerItemProxy;
			containerPortal = 1AB0C8872F74E08A00B2B992 /* Project object */;
			proxyType = 1;
			remoteGlobalIDString = 1AB0C88E2F74E08A00B2B992;
			remoteInfo = TaskExplorerKnC;
		};
/* End PBXContainerItemProxy section */

/* Begin PBXFileReference section */
		1AB0C88F2F74E08B00B2B992 /* TaskExplorerKnC.app */ = {isa = PBXFileReference; explicitFileType = wrapper.application; includeInIndex = 0; path = TaskExplorerKnC.app; sourceTree = BUILT_PRODUCTS_DIR; };
		1AB0C8A52F74E08D00B2B992 /* TaskExplorerKnCTests.xctest */ = {isa = PBXFileReference; explicitFileType = wrapper.cfbundle; includeInIndex = 0; path = TaskExplorerKnCTests.xctest; sourceTree = BUILT_PRODUCTS_DIR; };
		1AB0C8AF2F74E08D00B2B992 /* TaskExplorerKnCUITests.xctest */ = {isa = PBXFileReference; explicitFileType = wrapper.cfbundle; includeInIndex = 0; path = TaskExplorerKnCUITests.xctest; sourceTree = BUILT_PRODUCTS_DIR; };
		73BCFBB85C16ED1D88749250 /* Pods-TaskExplorerKnC-TaskExplorerKnCUITests.release.xcconfig */ = {isa = PBXFileReference; includeInIndex = 1; lastKnownFileType = text.xcconfig; name = "Pods-TaskExplorerKnC-TaskExplorerKnCUITests.release.xcconfig"; path = "Target Support Files/Pods-TaskExplorerKnC-TaskExplorerKnCUITests/Pods-TaskExplorerKnC-TaskExplorerKnCUITests.release.xcconfig"; sourceTree = "<group>"; };
		812736069F42C77F6D1F27C2 /* Pods-TaskExplorerKnC-TaskExplorerKnCUITests.debug.xcconfig */ = {isa = PBXFileReference; includeInIndex = 1; lastKnownFileType = text.xcconfig; name = "Pods-TaskExplorerKnC-TaskExplorerKnCUITests.debug.xcconfig"; path = "Target Support Files/Pods-TaskExplorerKnC-TaskExplorerKnCUITests/Pods-TaskExplorerKnC-TaskExplorerKnCUITests.debug.xcconfig"; sourceTree = "<group>"; };
		82AF17C99F78B638532BDA26 /* Pods-TaskExplorerKnCTests.debug.xcconfig */ = {isa = PBXFileReference; includeInIndex = 1; lastKnownFileType = text.xcconfig; name = "Pods-TaskExplorerKnCTests.debug.xcconfig"; path = "Target Support Files/Pods-TaskExplorerKnCTests/Pods-TaskExplorerKnCTests.debug.xcconfig"; sourceTree = "<group>"; };
		90620008F3F2530BE83D0D27 /* Pods-TaskExplorerKnC.release.xcconfig */ = {isa = PBXFileReference; includeInIndex = 1; lastKnownFileType = text.xcconfig; name = "Pods-TaskExplorerKnC.release.xcconfig"; path = "Target Support Files/Pods-TaskExplorerKnC/Pods-TaskExplorerKnC.release.xcconfig"; sourceTree = "<group>"; };
		AC6028CD3A02C466D156B0BF /* Pods-TaskExplorerKnC.debug.xcconfig */ = {isa = PBXFileReference; includeInIndex = 1; lastKnownFileType = text.xcconfig; name = "Pods-TaskExplorerKnC.debug.xcconfig"; path = "Target Support Files/Pods-TaskExplorerKnC/Pods-TaskExplorerKnC.debug.xcconfig"; sourceTree = "<group>"; };
		AE6EB333E36DEB0E84A9AD05 /* Pods-TaskExplorerKnCTests.release.xcconfig */ = {isa = PBXFileReference; includeInIndex = 1; lastKnownFileType = text.xcconfig; name = "Pods-TaskExplorerKnCTests.release.xcconfig"; path = "Target Support Files/Pods-TaskExplorerKnCTests/Pods-TaskExplorerKnCTests.release.xcconfig"; sourceTree = "<group>"; };
		B3DCA420035F96E927C08208 /* Pods_TaskExplorerKnCTests.framework */ = {isa = PBXFileReference; explicitFileType = wrapper.framework; includeInIndex = 0; path = Pods_TaskExplorerKnCTests.framework; sourceTree = BUILT_PRODUCTS_DIR; };
		B7F1112AB03FCC00DAF7D202 /* Pods_TaskExplorerKnC_TaskExplorerKnCUITests.framework */ = {isa = PBXFileReference; explicitFileType = wrapper.framework; includeInIndex = 0; path = Pods_TaskExplorerKnC_TaskExplorerKnCUITests.framework; sourceTree = BUILT_PRODUCTS_DIR; };
		F99009488EDEEC0757032608 /* Pods_TaskExplorerKnC.framework */ = {isa = PBXFileReference; explicitFileType = wrapper.framework; includeInIndex = 0; path = Pods_TaskExplorerKnC.framework; sourceTree = BUILT_PRODUCTS_DIR; };
/* End PBXFileReference section */

/* Begin PBXFileSystemSynchronizedBuildFileExceptionSet section */
		1AB0C8B72F74E08D00B2B992 /* Exceptions for "TaskExplorerKnC" folder in "TaskExplorerKnC" target */ = {
			isa = PBXFileSystemSynchronizedBuildFileExceptionSet;
			membershipExceptions = (
				Info.plist,
			);
			target = 1AB0C88E2F74E08A00B2B992 /* TaskExplorerKnC */;
		};
/* End PBXFileSystemSynchronizedBuildFileExceptionSet section */

/* Begin PBXFileSystemSynchronizedRootGroup section */
		1AB0C8912F74E08B00B2B992 /* TaskExplorerKnC */ = {
			isa = PBXFileSystemSynchronizedRootGroup;
			exceptions = (
				1AB0C8B72F74E08D00B2B992 /* Exceptions for "TaskExplorerKnC" folder in "TaskExplorerKnC" target */,
			);
			path = TaskExplorerKnC;
			sourceTree = "<group>";
		};
		1AB0C8A82F74E08D00B2B992 /* TaskExplorerKnCTests */ = {
			isa = PBXFileSystemSynchronizedRootGroup;
			path = TaskExplorerKnCTests;
			sourceTree = "<group>";
		};
		1AB0C8B22F74E08D00B2B992 /* TaskExplorerKnCUITests */ = {
			isa = PBXFileSystemSynchronizedRootGroup;
			path = TaskExplorerKnCUITests;
			sourceTree = "<group>";
		};
/* End PBXFileSystemSynchronizedRootGroup section */

/* Begin PBXFrameworksBuildPhase section */
		1AB0C88C2F74E08A00B2B992 /* Frameworks */ = {
			isa = PBXFrameworksBuildPhase;
			buildActionMask = 2147483647;
			files = (
				BE91EB9542B5DBDD6105734E /* Pods_TaskExplorerKnC.framework in Frameworks */,
			);
			runOnlyForDeploymentPostprocessing = 0;
		};
		1AB0C8A22F74E08D00B2B992 /* Frameworks */ = {
			isa = PBXFrameworksBuildPhase;
			buildActionMask = 2147483647;
			files = (
				43C08B423B0D672A3ADA3EEF /* Pods_TaskExplorerKnCTests.framework in Frameworks */,
			);
			runOnlyForDeploymentPostprocessing = 0;
		};
		1AB0C8AC2F74E08D00B2B992 /* Frameworks */ = {
			isa = PBXFrameworksBuildPhase;
			buildActionMask = 2147483647;
			files = (
				6445C28BC320F68C2FF722E4 /* Pods_TaskExplorerKnC_TaskExplorerKnCUITests.framework in Frameworks */,
			);
			runOnlyForDeploymentPostprocessing = 0;
		};
/* End PBXFrameworksBuildPhase section */

/* Begin PBXGroup section */
		06695329EA524A17EFE696E4 /* Pods */ = {
			isa = PBXGroup;
			children = (
				AC6028CD3A02C466D156B0BF /* Pods-TaskExplorerKnC.debug.xcconfig */,
				90620008F3F2530BE83D0D27 /* Pods-TaskExplorerKnC.release.xcconfig */,
				812736069F42C77F6D1F27C2 /* Pods-TaskExplorerKnC-TaskExplorerKnCUITests.debug.xcconfig */,
				73BCFBB85C16ED1D88749250 /* Pods-TaskExplorerKnC-TaskExplorerKnCUITests.release.xcconfig */,
				82AF17C99F78B638532BDA26 /* Pods-TaskExplorerKnCTests.debug.xcconfig */,
				AE6EB333E36DEB0E84A9AD05 /* Pods-TaskExplorerKnCTests.release.xcconfig */,
			);
			path = Pods;
			sourceTree = "<group>";
		};
		1AB0C8862F74E08A00B2B992 = {
			isa = PBXGroup;
			children = (
				1AB0C8912F74E08B00B2B992 /* TaskExplorerKnC */,
				1AB0C8A82F74E08D00B2B992 /* TaskExplorerKnCTests */,
				1AB0C8B22F74E08D00B2B992 /* TaskExplorerKnCUITests */,
				1AB0C8902F74E08B00B2B992 /* Products */,
				06695329EA524A17EFE696E4 /* Pods */,
				CEB52CBE850F1EB2D0AC7D92 /* Frameworks */,
			);
			sourceTree = "<group>";
		};
		1AB0C8902F74E08B00B2B992 /* Products */ = {
			isa = PBXGroup;
			children = (
				1AB0C88F2F74E08B00B2B992 /* TaskExplorerKnC.app */,
				1AB0C8A52F74E08D00B2B992 /* TaskExplorerKnCTests.xctest */,
				1AB0C8AF2F74E08D00B2B992 /* TaskExplorerKnCUITests.xctest */,
			);
			name = Products;
			sourceTree = "<group>";
		};
		CEB52CBE850F1EB2D0AC7D92 /* Frameworks */ = {
			isa = PBXGroup;
			children = (
				F99009488EDEEC0757032608 /* Pods_TaskExplorerKnC.framework */,
				B7F1112AB03FCC00DAF7D202 /* Pods_TaskExplorerKnC_TaskExplorerKnCUITests.framework */,
				B3DCA420035F96E927C08208 /* Pods_TaskExplorerKnCTests.framework */,
			);
			name = Frameworks;
			sourceTree = "<group>";
		};
/* End PBXGroup section */

/* Begin PBXNativeTarget section */
		1AB0C88E2F74E08A00B2B992 /* TaskExplorerKnC */ = {
			isa = PBXNativeTarget;
			buildConfigurationList = 1AB0C8B82F74E08D00B2B992 /* Build configuration list for PBXNativeTarget "TaskExplorerKnC" */;
			buildPhases = (
				AA0D9165D84552724A6FEE71 /* [CP] Check Pods Manifest.lock */,
				1AB0C88B2F74E08A00B2B992 /* Sources */,
				1AB0C88C2F74E08A00B2B992 /* Frameworks */,
				1AB0C88D2F74E08A00B2B992 /* Resources */,
				59BF99E28B36ADDEFBA584A8 /* [CP] Embed Pods Frameworks */,
			);
			buildRules = (
			);
			dependencies = (
			);
			fileSystemSynchronizedGroups = (
				1AB0C8912F74E08B00B2B992 /* TaskExplorerKnC */,
			);
			name = TaskExplorerKnC;
			productName = TaskExplorerKnC;
			productReference = 1AB0C88F2F74E08B00B2B992 /* TaskExplorerKnC.app */;
			productType = "com.apple.product-type.application";
		};
		1AB0C8A42F74E08D00B2B992 /* TaskExplorerKnCTests */ = {
			isa = PBXNativeTarget;
			buildConfigurationList = 1AB0C8BD2F74E08D00B2B992 /* Build configuration list for PBXNativeTarget "TaskExplorerKnCTests" */;
			buildPhases = (
				60EAE77D520677738E7D90A6 /* [CP] Check Pods Manifest.lock */,
				1AB0C8A12F74E08D00B2B992 /* Sources */,
				1AB0C8A22F74E08D00B2B992 /* Frameworks */,
				1AB0C8A32F74E08D00B2B992 /* Resources */,
			);
			buildRules = (
			);
			dependencies = (
				1AB0C8A72F74E08D00B2B992 /* PBXTargetDependency */,
			);
			fileSystemSynchronizedGroups = (
				1AB0C8A82F74E08D00B2B992 /* TaskExplorerKnCTests */,
			);
			name = TaskExplorerKnCTests;
			productName = TaskExplorerKnCTests;
			productReference = 1AB0C8A52F74E08D00B2B992 /* TaskExplorerKnCTests.xctest */;
			productType = "com.apple.product-type.bundle.unit-test";
		};
		1AB0C8AE2F74E08D00B2B992 /* TaskExplorerKnCUITests */ = {
			isa = PBXNativeTarget;
			buildConfigurationList = 1AB0C8C02F74E08D00B2B992 /* Build configuration list for PBXNativeTarget "TaskExplorerKnCUITests" */;
			buildPhases = (
				55F7A08762925030428057AA /* [CP] Check Pods Manifest.lock */,
				1AB0C8AB2F74E08D00B2B992 /* Sources */,
				1AB0C8AC2F74E08D00B2B992 /* Frameworks */,
				1AB0C8AD2F74E08D00B2B992 /* Resources */,
				2647C12207FDFC13BD4561C8 /* [CP] Embed Pods Frameworks */,
			);
			buildRules = (
			);
			dependencies = (
				1AB0C8B12F74E08D00B2B992 /* PBXTargetDependency */,
			);
			fileSystemSynchronizedGroups = (
				1AB0C8B22F74E08D00B2B992 /* TaskExplorerKnCUITests */,
			);
			name = TaskExplorerKnCUITests;
			productName = TaskExplorerKnCUITests;
			productReference = 1AB0C8AF2F74E08D00B2B992 /* TaskExplorerKnCUITests.xctest */;
			productType = "com.apple.product-type.bundle.ui-testing";
		};
/* End PBXNativeTarget section */

/* Begin PBXProject section */
		1AB0C8872F74E08A00B2B992 /* Project object */ = {
			isa = PBXProject;
			attributes = {
				BuildIndependentTargetsInParallel = 1;
				LastSwiftUpdateCheck = 1640;
				LastUpgradeCheck = 1640;
				TargetAttributes = {
					1AB0C88E2F74E08A00B2B992 = {
						CreatedOnToolsVersion = 16.4;
					};
					1AB0C8A42F74E08D00B2B992 = {
						CreatedOnToolsVersion = 16.4;
						TestTargetID = 1AB0C88E2F74E08A00B2B992;
					};
					1AB0C8AE2F74E08D00B2B992 = {
						CreatedOnToolsVersion = 16.4;
						TestTargetID = 1AB0C88E2F74E08A00B2B992;
					};
				};
			};
			buildConfigurationList = 1AB0C88A2F74E08A00B2B992 /* Build configuration list for PBXProject "TaskExplorerKnC" */;
			developmentRegion = en;
			hasScannedForEncodings = 0;
			knownRegions = (
				en,
				Base,
			);
			mainGroup = 1AB0C8862F74E08A00B2B992;
			minimizedProjectReferenceProxies = 1;
			preferredProjectObjectVersion = 77;
			productRefGroup = 1AB0C8902F74E08B00B2B992 /* Products */;
			projectDirPath = "";
			projectRoot = "";
			targets = (
				1AB0C88E2F74E08A00B2B992 /* TaskExplorerKnC */,
				1AB0C8A42F74E08D00B2B992 /* TaskExplorerKnCTests */,
				1AB0C8AE2F74E08D00B2B992 /* TaskExplorerKnCUITests */,
			);
		};
/* End PBXProject section */

/* Begin PBXResourcesBuildPhase section */
		1AB0C88D2F74E08A00B2B992 /* Resources */ = {
			isa = PBXResourcesBuildPhase;
			buildActionMask = 2147483647;
			files = (
			);
			runOnlyForDeploymentPostprocessing = 0;
		};
		1AB0C8A32F74E08D00B2B992 /* Resources */ = {
			isa = PBXResourcesBuildPhase;
			buildActionMask = 2147483647;
			files = (
			);
			runOnlyForDeploymentPostprocessing = 0;
		};
		1AB0C8AD2F74E08D00B2B992 /* Resources */ = {
			isa = PBXResourcesBuildPhase;
			buildActionMask = 2147483647;
			files = (
			);
			runOnlyForDeploymentPostprocessing = 0;
		};
/* End PBXResourcesBuildPhase section */

/* Begin PBXShellScriptBuildPhase section */
		2647C12207FDFC13BD4561C8 /* [CP] Embed Pods Frameworks */ = {
			isa = PBXShellScriptBuildPhase;
			buildActionMask = 2147483647;
			files = (
			);
			inputFileListPaths = (
				"${PODS_ROOT}/Target Support Files/Pods-TaskExplorerKnC-TaskExplorerKnCUITests/Pods-TaskExplorerKnC-TaskExplorerKnCUITests-frameworks-${CONFIGURATION}-input-files.xcfilelist",
			);
			inputPaths = (
			);
			name = "[CP] Embed Pods Frameworks";
			outputFileListPaths = (
				"${PODS_ROOT}/Target Support Files/Pods-TaskExplorerKnC-TaskExplorerKnCUITests/Pods-TaskExplorerKnC-TaskExplorerKnCUITests-frameworks-${CONFIGURATION}-output-files.xcfilelist",
			);
			outputPaths = (
			);
			runOnlyForDeploymentPostprocessing = 0;
			shellPath = /bin/sh;
			shellScript = "\"${PODS_ROOT}/Target Support Files/Pods-TaskExplorerKnC-TaskExplorerKnCUITests/Pods-TaskExplorerKnC-TaskExplorerKnCUITests-frameworks.sh\"\n";
			showEnvVarsInLog = 0;
		};
		55F7A08762925030428057AA /* [CP] Check Pods Manifest.lock */ = {
			isa = PBXShellScriptBuildPhase;
			buildActionMask = 2147483647;
			files = (
			);
			inputFileListPaths = (
			);
			inputPaths = (
				"${PODS_PODFILE_DIR_PATH}/Podfile.lock",
				"${PODS_ROOT}/Manifest.lock",
			);
			name = "[CP] Check Pods Manifest.lock";
			outputFileListPaths = (
			);
			outputPaths = (
				"$(DERIVED_FILE_DIR)/Pods-TaskExplorerKnC-TaskExplorerKnCUITests-checkManifestLockResult.txt",
			);
			runOnlyForDeploymentPostprocessing = 0;
			shellPath = /bin/sh;
			shellScript = "diff \"${PODS_PODFILE_DIR_PATH}/Podfile.lock\" \"${PODS_ROOT}/Manifest.lock\" > /dev/null\nif [ $? != 0 ] ; then\n    # print error to STDERR\n    echo \"error: The sandbox is not in sync with the Podfile.lock. Run 'pod install' or update your CocoaPods installation.\" >&2\n    exit 1\nfi\n# This output is used by Xcode 'outputs' to avoid re-running this script phase.\necho \"SUCCESS\" > \"${SCRIPT_OUTPUT_FILE_0}\"\n";
			showEnvVarsInLog = 0;
		};
		59BF99E28B36ADDEFBA584A8 /* [CP] Embed Pods Frameworks */ = {
			isa = PBXShellScriptBuildPhase;
			buildActionMask = 2147483647;
			files = (
			);
			inputFileListPaths = (
				"${PODS_ROOT}/Target Support Files/Pods-TaskExplorerKnC/Pods-TaskExplorerKnC-frameworks-${CONFIGURATION}-input-files.xcfilelist",
			);
			inputPaths = (
			);
			name = "[CP] Embed Pods Frameworks";
			outputFileListPaths = (
				"${PODS_ROOT}/Target Support Files/Pods-TaskExplorerKnC/Pods-TaskExplorerKnC-frameworks-${CONFIGURATION}-output-files.xcfilelist",
			);
			outputPaths = (
			);
			runOnlyForDeploymentPostprocessing = 0;
			shellPath = /bin/sh;
			shellScript = "\"${PODS_ROOT}/Target Support Files/Pods-TaskExplorerKnC/Pods-TaskExplorerKnC-frameworks.sh\"\n";
			showEnvVarsInLog = 0;
		};
		60EAE77D520677738E7D90A6 /* [CP] Check Pods Manifest.lock */ = {
			isa = PBXShellScriptBuildPhase;
			buildActionMask = 2147483647;
			files = (
			);
			inputFileListPaths = (
			);
			inputPaths = (
				"${PODS_PODFILE_DIR_PATH}/Podfile.lock",
				"${PODS_ROOT}/Manifest.lock",
			);
			name = "[CP] Check Pods Manifest.lock";
			outputFileListPaths = (
			);
			outputPaths = (
				"$(DERIVED_FILE_DIR)/Pods-TaskExplorerKnCTests-checkManifestLockResult.txt",
			);
			runOnlyForDeploymentPostprocessing = 0;
			shellPath = /bin/sh;
			shellScript = "diff \"${PODS_PODFILE_DIR_PATH}/Podfile.lock\" \"${PODS_ROOT}/Manifest.lock\" > /dev/null\nif [ $? != 0 ] ; then\n    # print error to STDERR\n    echo \"error: The sandbox is not in sync with the Podfile.lock. Run 'pod install' or update your CocoaPods installation.\" >&2\n    exit 1\nfi\n# This output is used by Xcode 'outputs' to avoid re-running this script phase.\necho \"SUCCESS\" > \"${SCRIPT_OUTPUT_FILE_0}\"\n";
			showEnvVarsInLog = 0;
		};
		AA0D9165D84552724A6FEE71 /* [CP] Check Pods Manifest.lock */ = {
			isa = PBXShellScriptBuildPhase;
			buildActionMask = 2147483647;
			files = (
			);
			inputFileListPaths = (
			);
			inputPaths = (
				"${PODS_PODFILE_DIR_PATH}/Podfile.lock",
				"${PODS_ROOT}/Manifest.lock",
			);
			name = "[CP] Check Pods Manifest.lock";
			outputFileListPaths = (
			);
			outputPaths = (
				"$(DERIVED_FILE_DIR)/Pods-TaskExplorerKnC-checkManifestLockResult.txt",
			);
			runOnlyForDeploymentPostprocessing = 0;
			shellPath = /bin/sh;
			shellScript = "diff \"${PODS_PODFILE_DIR_PATH}/Podfile.lock\" \"${PODS_ROOT}/Manifest.lock\" > /dev/null\nif [ $? != 0 ] ; then\n    # print error to STDERR\n    echo \"error: The sandbox is not in sync with the Podfile.lock. Run 'pod install' or update your CocoaPods installation.\" >&2\n    exit 1\nfi\n# This output is used by Xcode 'outputs' to avoid re-running this script phase.\necho \"SUCCESS\" > \"${SCRIPT_OUTPUT_FILE_0}\"\n";
			showEnvVarsInLog = 0;
		};
/* End PBXShellScriptBuildPhase section */

/* Begin PBXSourcesBuildPhase section */
		1AB0C88B2F74E08A00B2B992 /* Sources */ = {
			isa = PBXSourcesBuildPhase;
			buildActionMask = 2147483647;
			files = (
			);
			runOnlyForDeploymentPostprocessing = 0;
		};
		1AB0C8A12F74E08D00B2B992 /* Sources */ = {
			isa = PBXSourcesBuildPhase;
			buildActionMask = 2147483647;
			files = (
			);
			runOnlyForDeploymentPostprocessing = 0;
		};
		1AB0C8AB2F74E08D00B2B992 /* Sources */ = {
			isa = PBXSourcesBuildPhase;
			buildActionMask = 2147483647;
			files = (
			);
			runOnlyForDeploymentPostprocessing = 0;
		};
/* End PBXSourcesBuildPhase section */

/* Begin PBXTargetDependency section */
		1AB0C8A72F74E08D00B2B992 /* PBXTargetDependency */ = {
			isa = PBXTargetDependency;
			target = 1AB0C88E2F74E08A00B2B992 /* TaskExplorerKnC */;
			targetProxy = 1AB0C8A62F74E08D00B2B992 /* PBXContainerItemProxy */;
		};
		1AB0C8B12F74E08D00B2B992 /* PBXTargetDependency */ = {
			isa = PBXTargetDependency;
			target = 1AB0C88E2F74E08A00B2B992 /* TaskExplorerKnC */;
			targetProxy = 1AB0C8B02F74E08D00B2B992 /* PBXContainerItemProxy */;
		};
/* End PBXTargetDependency section */

/* Begin XCBuildConfiguration section */
		1AB0C8B92F74E08D00B2B992 /* Debug */ = {
			isa = XCBuildConfiguration;
			baseConfigurationReference = AC6028CD3A02C466D156B0BF /* Pods-TaskExplorerKnC.debug.xcconfig */;
			buildSettings = {
				ASSETCATALOG_COMPILER_APPICON_NAME = AppIcon;
				ASSETCATALOG_COMPILER_GLOBAL_ACCENT_COLOR_NAME = AccentColor;
				CODE_SIGN_STYLE = Automatic;
				CURRENT_PROJECT_VERSION = 1;
				ENABLE_USER_SCRIPT_SANDBOXING = NO;
				GENERATE_INFOPLIST_FILE = YES;
				INFOPLIST_FILE = TaskExplorerKnC/Info.plist;
				INFOPLIST_KEY_UIApplicationSupportsIndirectInputEvents = YES;
				INFOPLIST_KEY_UILaunchStoryboardName = LaunchScreen;
				INFOPLIST_KEY_UIMainStoryboardFile = Main;
				INFOPLIST_KEY_UISupportedInterfaceOrientations_iPad = "UIInterfaceOrientationPortrait UIInterfaceOrientationPortraitUpsideDown UIInterfaceOrientationLandscapeLeft UIInterfaceOrientationLandscapeRight";
				INFOPLIST_KEY_UISupportedInterfaceOrientations_iPhone = "UIInterfaceOrientationPortrait UIInterfaceOrientationLandscapeLeft UIInterfaceOrientationLandscapeRight";
				LD_RUNPATH_SEARCH_PATHS = (
					"$(inherited)",
					"@executable_path/Frameworks",
				);
				MARKETING_VERSION = 1.0;
				PRODUCT_BUNDLE_IDENTIFIER = hafsah.TaskExplorerKnC;
				PRODUCT_NAME = "$(TARGET_NAME)";
				SWIFT_EMIT_LOC_STRINGS = YES;
				SWIFT_VERSION = 5.0;
				TARGETED_DEVICE_FAMILY = "1,2";
			};
			name = Debug;
		};
		1AB0C8BA2F74E08D00B2B992 /* Release */ = {
			isa = XCBuildConfiguration;
			baseConfigurationReference = 90620008F3F2530BE83D0D27 /* Pods-TaskExplorerKnC.release.xcconfig */;
			buildSettings = {
				ASSETCATALOG_COMPILER_APPICON_NAME = AppIcon;
				ASSETCATALOG_COMPILER_GLOBAL_ACCENT_COLOR_NAME = AccentColor;
				CODE_SIGN_STYLE = Automatic;
				CURRENT_PROJECT_VERSION = 1;
				ENABLE_USER_SCRIPT_SANDBOXING = NO;
				GENERATE_INFOPLIST_FILE = YES;
				INFOPLIST_FILE = TaskExplorerKnC/Info.plist;
				INFOPLIST_KEY_UIApplicationSupportsIndirectInputEvents = YES;
				INFOPLIST_KEY_UILaunchStoryboardName = LaunchScreen;
				INFOPLIST_KEY_UIMainStoryboardFile = Main;
				INFOPLIST_KEY_UISupportedInterfaceOrientations_iPad = "UIInterfaceOrientationPortrait UIInterfaceOrientationPortraitUpsideDown UIInterfaceOrientationLandscapeLeft UIInterfaceOrientationLandscapeRight";
				INFOPLIST_KEY_UISupportedInterfaceOrientations_iPhone = "UIInterfaceOrientationPortrait UIInterfaceOrientationLandscapeLeft UIInterfaceOrientationLandscapeRight";
				LD_RUNPATH_SEARCH_PATHS = (
					"$(inherited)",
					"@executable_path/Frameworks",
				);
				MARKETING_VERSION = 1.0;
				PRODUCT_BUNDLE_IDENTIFIER = hafsah.TaskExplorerKnC;
				PRODUCT_NAME = "$(TARGET_NAME)";
				SWIFT_EMIT_LOC_STRINGS = YES;
				SWIFT_VERSION = 5.0;
				TARGETED_DEVICE_FAMILY = "1,2";
			};
			name = Release;
		};
		1AB0C8BB2F74E08D00B2B992 /* Debug */ = {
			isa = XCBuildConfiguration;
			buildSettings = {
				ALWAYS_SEARCH_USER_PATHS = NO;
				ASSETCATALOG_COMPILER_GENERATE_SWIFT_ASSET_SYMBOL_EXTENSIONS = YES;
				CLANG_ANALYZER_NONNULL = YES;
				CLANG_ANALYZER_NUMBER_OBJECT_CONVERSION = YES_AGGRESSIVE;
				CLANG_CXX_LANGUAGE_STANDARD = "gnu++20";
				CLANG_ENABLE_MODULES = YES;
				CLANG_ENABLE_OBJC_ARC = YES;
				CLANG_ENABLE_OBJC_WEAK = YES;
				CLANG_WARN_BLOCK_CAPTURE_AUTORELEASING = YES;
				CLANG_WARN_BOOL_CONVERSION = YES;
				CLANG_WARN_COMMA = YES;
				CLANG_WARN_CONSTANT_CONVERSION = YES;
				CLANG_WARN_DEPRECATED_OBJC_IMPLEMENTATIONS = YES;
				CLANG_WARN_DIRECT_OBJC_ISA_USAGE = YES_ERROR;
				CLANG_WARN_DOCUMENTATION_COMMENTS = YES;
				CLANG_WARN_EMPTY_BODY = YES;
				CLANG_WARN_ENUM_CONVERSION = YES;
				CLANG_WARN_INFINITE_RECURSION = YES;
				CLANG_WARN_INT_CONVERSION = YES;
				CLANG_WARN_NON_LITERAL_NULL_CONVERSION = YES;
				CLANG_WARN_OBJC_IMPLICIT_RETAIN_SELF = YES;
				CLANG_WARN_OBJC_LITERAL_CONVERSION = YES;
				CLANG_WARN_OBJC_ROOT_CLASS = YES_ERROR;
				CLANG_WARN_QUOTED_INCLUDE_IN_FRAMEWORK_HEADER = YES;
				CLANG_WARN_RANGE_LOOP_ANALYSIS = YES;
				CLANG_WARN_STRICT_PROTOTYPES = YES;
				CLANG_WARN_SUSPICIOUS_MOVE = YES;
				CLANG_WARN_UNGUARDED_AVAILABILITY = YES_AGGRESSIVE;
				CLANG_WARN_UNREACHABLE_CODE = YES;
				CLANG_WARN__DUPLICATE_METHOD_MATCH = YES;
				COPY_PHASE_STRIP = NO;
				DEBUG_INFORMATION_FORMAT = dwarf;
				ENABLE_STRICT_OBJC_MSGSEND = YES;
				ENABLE_TESTABILITY = YES;
				ENABLE_USER_SCRIPT_SANDBOXING = YES;
				GCC_C_LANGUAGE_STANDARD = gnu17;
				GCC_DYNAMIC_NO_PIC = NO;
				GCC_NO_COMMON_BLOCKS = YES;
				GCC_OPTIMIZATION_LEVEL = 0;
				GCC_PREPROCESSOR_DEFINITIONS = (
					"DEBUG=1",
					"$(inherited)",
				);
				GCC_WARN_64_TO_32_BIT_CONVERSION = YES;
				GCC_WARN_ABOUT_RETURN_TYPE = YES_ERROR;
				GCC_WARN_UNDECLARED_SELECTOR = YES;
				GCC_WARN_UNINITIALIZED_AUTOS = YES_AGGRESSIVE;
				GCC_WARN_UNUSED_FUNCTION = YES;
				GCC_WARN_UNUSED_VARIABLE = YES;
				IPHONEOS_DEPLOYMENT_TARGET = 18.5;
				LOCALIZATION_PREFERS_STRING_CATALOGS = YES;
				MTL_ENABLE_DEBUG_INFO = INCLUDE_SOURCE;
				MTL_FAST_MATH = YES;
				ONLY_ACTIVE_ARCH = YES;
				SDKROOT = iphoneos;
				SWIFT_ACTIVE_COMPILATION_CONDITIONS = "DEBUG $(inherited)";
				SWIFT_OPTIMIZATION_LEVEL = "-Onone";
			};
			name = Debug;
		};
		1AB0C8BC2F74E08D00B2B992 /* Release */ = {
			isa = XCBuildConfiguration;
			buildSettings = {
				ALWAYS_SEARCH_USER_PATHS = NO;
				ASSETCATALOG_COMPILER_GENERATE_SWIFT_ASSET_SYMBOL_EXTENSIONS = YES;
				CLANG_ANALYZER_NONNULL = YES;
				CLANG_ANALYZER_NUMBER_OBJECT_CONVERSION = YES_AGGRESSIVE;
				CLANG_CXX_LANGUAGE_STANDARD = "gnu++20";
				CLANG_ENABLE_MODULES = YES;
				CLANG_ENABLE_OBJC_ARC = YES;
				CLANG_ENABLE_OBJC_WEAK = YES;
				CLANG_WARN_BLOCK_CAPTURE_AUTORELEASING = YES;
				CLANG_WARN_BOOL_CONVERSION = YES;
				CLANG_WARN_COMMA = YES;
				CLANG_WARN_CONSTANT_CONVERSION = YES;
				CLANG_WARN_DEPRECATED_OBJC_IMPLEMENTATIONS = YES;
				CLANG_WARN_DIRECT_OBJC_ISA_USAGE = YES_ERROR;
				CLANG_WARN_DOCUMENTATION_COMMENTS = YES;
				CLANG_WARN_EMPTY_BODY = YES;
				CLANG_WARN_ENUM_CONVERSION = YES;
				CLANG_WARN_INFINITE_RECURSION = YES;
				CLANG_WARN_INT_CONVERSION = YES;
				CLANG_WARN_NON_LITERAL_NULL_CONVERSION = YES;
				CLANG_WARN_OBJC_IMPLICIT_RETAIN_SELF = YES;
				CLANG_WARN_OBJC_LITERAL_CONVERSION = YES;
				CLANG_WARN_OBJC_ROOT_CLASS = YES_ERROR;
				CLANG_WARN_QUOTED_INCLUDE_IN_FRAMEWORK_HEADER = YES;
				CLANG_WARN_RANGE_LOOP_ANALYSIS = YES;
				CLANG_WARN_STRICT_PROTOTYPES = YES;
				CLANG_WARN_SUSPICIOUS_MOVE = YES;
				CLANG_WARN_UNGUARDED_AVAILABILITY = YES_AGGRESSIVE;
				CLANG_WARN_UNREACHABLE_CODE = YES;
				CLANG_WARN__DUPLICATE_METHOD_MATCH = YES;
				COPY_PHASE_STRIP = NO;
				DEBUG_INFORMATION_FORMAT = "dwarf-with-dsym";
				ENABLE_NS_ASSERTIONS = NO;
				ENABLE_STRICT_OBJC_MSGSEND = YES;
				ENABLE_USER_SCRIPT_SANDBOXING = YES;
				GCC_C_LANGUAGE_STANDARD = gnu17;
				GCC_NO_COMMON_BLOCKS = YES;
				GCC_WARN_64_TO_32_BIT_CONVERSION = YES;
				GCC_WARN_ABOUT_RETURN_TYPE = YES_ERROR;
				GCC_WARN_UNDECLARED_SELECTOR = YES;
				GCC_WARN_UNINITIALIZED_AUTOS = YES_AGGRESSIVE;
				GCC_WARN_UNUSED_FUNCTION = YES;
				GCC_WARN_UNUSED_VARIABLE = YES;
				IPHONEOS_DEPLOYMENT_TARGET = 18.5;
				LOCALIZATION_PREFERS_STRING_CATALOGS = YES;
				MTL_ENABLE_DEBUG_INFO = NO;
				MTL_FAST_MATH = YES;
				SDKROOT = iphoneos;
				SWIFT_COMPILATION_MODE = wholemodule;
				VALIDATE_PRODUCT = YES;
			};
			name = Release;
		};
		1AB0C8BE2F74E08D00B2B992 /* Debug */ = {
			isa = XCBuildConfiguration;
			baseConfigurationReference = 82AF17C99F78B638532BDA26 /* Pods-TaskExplorerKnCTests.debug.xcconfig */;
			buildSettings = {
				BUNDLE_LOADER = "$(TEST_HOST)";
				CODE_SIGN_STYLE = Automatic;
				CURRENT_PROJECT_VERSION = 1;
				GENERATE_INFOPLIST_FILE = YES;
				IPHONEOS_DEPLOYMENT_TARGET = 18.5;
				MARKETING_VERSION = 1.0;
				PRODUCT_BUNDLE_IDENTIFIER = hafsah.TaskExplorerKnCTests;
				PRODUCT_NAME = "$(TARGET_NAME)";
				SWIFT_EMIT_LOC_STRINGS = NO;
				SWIFT_VERSION = 5.0;
				TARGETED_DEVICE_FAMILY = "1,2";
				TEST_HOST = "$(BUILT_PRODUCTS_DIR)/TaskExplorerKnC.app/$(BUNDLE_EXECUTABLE_FOLDER_PATH)/TaskExplorerKnC";
			};
			name = Debug;
		};
		1AB0C8BF2F74E08D00B2B992 /* Release */ = {
			isa = XCBuildConfiguration;
			baseConfigurationReference = AE6EB333E36DEB0E84A9AD05 /* Pods-TaskExplorerKnCTests.release.xcconfig */;
			buildSettings = {
				BUNDLE_LOADER = "$(TEST_HOST)";
				CODE_SIGN_STYLE = Automatic;
				CURRENT_PROJECT_VERSION = 1;
				GENERATE_INFOPLIST_FILE = YES;
				IPHONEOS_DEPLOYMENT_TARGET = 18.5;
				MARKETING_VERSION = 1.0;
				PRODUCT_BUNDLE_IDENTIFIER = hafsah.TaskExplorerKnCTests;
				PRODUCT_NAME = "$(TARGET_NAME)";
				SWIFT_EMIT_LOC_STRINGS = NO;
				SWIFT_VERSION = 5.0;
				TARGETED_DEVICE_FAMILY = "1,2";
				TEST_HOST = "$(BUILT_PRODUCTS_DIR)/TaskExplorerKnC.app/$(BUNDLE_EXECUTABLE_FOLDER_PATH)/TaskExplorerKnC";
			};
			name = Release;
		};
		1AB0C8C12F74E08D00B2B992 /* Debug */ = {
			isa = XCBuildConfiguration;
			baseConfigurationReference = 812736069F42C77F6D1F27C2 /* Pods-TaskExplorerKnC-TaskExplorerKnCUITests.debug.xcconfig */;
			buildSettings = {
				CODE_SIGN_STYLE = Automatic;
				CURRENT_PROJECT_VERSION = 1;
				GENERATE_INFOPLIST_FILE = YES;
				MARKETING_VERSION = 1.0;
				PRODUCT_BUNDLE_IDENTIFIER = hafsah.TaskExplorerKnCUITests;
				PRODUCT_NAME = "$(TARGET_NAME)";
				SWIFT_EMIT_LOC_STRINGS = NO;
				SWIFT_VERSION = 5.0;
				TARGETED_DEVICE_FAMILY = "1,2";
				TEST_TARGET_NAME = TaskExplorerKnC;
			};
			name = Debug;
		};
		1AB0C8C22F74E08D00B2B992 /* Release */ = {
			isa = XCBuildConfiguration;
			baseConfigurationReference = 73BCFBB85C16ED1D88749250 /* Pods-TaskExplorerKnC-TaskExplorerKnCUITests.release.xcconfig */;
			buildSettings = {
				CODE_SIGN_STYLE = Automatic;
				CURRENT_PROJECT_VERSION = 1;
				GENERATE_INFOPLIST_FILE = YES;
				MARKETING_VERSION = 1.0;
				PRODUCT_BUNDLE_IDENTIFIER = hafsah.TaskExplorerKnCUITests;
				PRODUCT_NAME = "$(TARGET_NAME)";
				SWIFT_EMIT_LOC_STRINGS = NO;
				SWIFT_VERSION = 5.0;
				TARGETED_DEVICE_FAMILY = "1,2";
				TEST_TARGET_NAME = TaskExplorerKnC;
			};
			name = Release;
		};
/* End XCBuildConfiguration section */

/* Begin XCConfigurationList section */
		1AB0C88A2F74E08A00B2B992 /* Build configuration list for PBXProject "TaskExplorerKnC" */ = {
			isa = XCConfigurationList;
			buildConfigurations = (
				1AB0C8BB2F74E08D00B2B992 /* Debug */,
				1AB0C8BC2F74E08D00B2B992 /* Release */,
			);
			defaultConfigurationIsVisible = 0;
			defaultConfigurationName = Release;
		};
		1AB0C8B82F74E08D00B2B992 /* Build configuration list for PBXNativeTarget "TaskExplorerKnC" */ = {
			isa = XCConfigurationList;
			buildConfigurations = (
				1AB0C8B92F74E08D00B2B992 /* Debug */,
				1AB0C8BA2F74E08D00B2B992 /* Release */,
			);
			defaultConfigurationIsVisible = 0;
			defaultConfigurationName = Release;
		};
		1AB0C8BD2F74E08D00B2B992 /* Build configuration list for PBXNativeTarget "TaskExplorerKnCTests" */ = {
			isa = XCConfigurationList;
			buildConfigurations = (
				1AB0C8BE2F74E08D00B2B992 /* Debug */,
				1AB0C8BF2F74E08D00B2B992 /* Release */,
			);
			defaultConfigurationIsVisible = 0;
			defaultConfigurationName = Release;
		};
		1AB0C8C02F74E08D00B2B992 /* Build configuration list for PBXNativeTarget "TaskExplorerKnCUITests" */ = {
			isa = XCConfigurationList;
			buildConfigurations = (
				1AB0C8C12F74E08D00B2B992 /* Debug */,
				1AB0C8C22F74E08D00B2B992 /* Release */,
			);
			defaultConfigurationIsVisible = 0;
			defaultConfigurationName = Release;
		};
/* End XCConfigurationList section */
	};
	rootObject = 1AB0C8872F74E08A00B2B992 /* Project object */;
}
